
Microsoft Visual Studio Solution File, Format Version 12.00
# Visual Studio Version 16
VisualStudioVersion = 16.0.31019.35
MinimumVisualStudioVersion = 10.0.40219.1
Project("{FAE04EC0-301F-11D3-BF4B-00C04F79EFBC}") = "ManagementSystemVersionTwo", "MakeItWorkYouUselessCunt\ManagementSystemVersionTwo.csproj", "{7B3B45D6-39A2-40E3-B52A-5A3277C371D8}"
EndProject
Project("{FAE04EC0-301F-11D3-BF4B-00C04F79EFBC}") = "ValidationsThroughApi", "ValidationsThroughApi\ValidationsThroughApi.csproj", "{A1E0D407-EE86-4E45-80DF-F0C9C0A44C49}"
EndProject
Global
	GlobalSection(SolutionConfigurationPlatforms) = preSolution
		Debug|Any CPU = Debug|Any CPU
		Release|Any CPU = Release|Any CPU
	EndGlobalSection
	GlobalSection(ProjectConfigurationPlatforms) = postSolution
		{7B3B45D6-39A2-40E3-B52A-5A3277C371D8}.Debug|Any CPU.ActiveCfg = Debug|Any CPU
		{7B3B45D6-39A2-40E3-B52A-5A3277C371D8}.Debug|Any CPU.Build.0 = Debug|Any CPU
		{7B3B45D6-39A2-40E3-B52A-5A3277C371D8}.Release|Any CPU.ActiveCfg = Release|Any CPU
		{7B3B45D6-39A2-40E3-B52A-5A3277C371D8}.Release|Any CPU.Build.0 = Release|Any CPU
		{A1E0D407-EE86-4E45-80DF-F0C9C0A44C49}.Debug|Any CPU.ActiveCfg = Debug|Any CPU
		{A1E0D407-EE86-4E45-80DF-F0C9C0A44C49}.Debug|Any CPU.Build.0 = Debug|Any CPU
		{A1E0D407-EE86-4E45-80DF-F0C9C0A44C49}.Release|Any CPU.ActiveCfg = Release|Any CPU
		{A1E0D407-EE86-4E45-80DF-F0C9C0A44C49}.Release|Any CPU.Build.0 = Release|Any CPU
	EndGlobalSection
	GlobalSection(SolutionProperties) = preSolution
		HideSolutionNode = FALSE
	EndGlobalSection
	GlobalSection(ExtensibilityGlobals) = postSolution
		SolutionGuid = {60D8BBFF-53E1-4C16-89A8-D061BA026B99}
	EndGlobalSection
EndGlobal
